// !$*UTF8*$!
{
	archiveVersion = 1;
	classes = {
	};
	objectVersion = 56;
	objects = {

/* Begin PBXBuildFile section */
		276D2B8D2B1DA89E00306530 /* AppDelegate.swift in Sources */ = {isa = PBXBuildFile; fileRef = 276D2B8C2B1DA89E00306530 /* AppDelegate.swift */; };
		276D2B8F2B1DA89E00306530 /* SceneDelegate.swift in Sources */ = {isa = PBXBuildFile; fileRef = 276D2B8E2B1DA89E00306530 /* SceneDelegate.swift */; };
		276D2B912B1DA89E00306530 /* ViewController.swift in Sources */ = {isa = PBXBuildFile; fileRef = 276D2B902B1DA89E00306530 /* ViewController.swift */; };
		276D2B942B1DA89E00306530 /* Main.storyboard in Resources */ = {isa = PBXBuildFile; fileRef = 276D2B922B1DA89E00306530 /* Main.storyboard */; };
		276D2B962B1DA89F00306530 /* Assets.xcassets in Resources */ = {isa = PBXBuildFile; fileRef = 276D2B952B1DA89F00306530 /* Assets.xcassets */; };
		276D2B992B1DA89F00306530 /* LaunchScreen.storyboard in Resources */ = {isa = PBXBuildFile; fileRef = 276D2B972B1DA89F00306530 /* LaunchScreen.storyboard */; };
		276D2BA32B1F0E8E00306530 /* GrandEscapeCut.mp3 in Resources */ = {isa = PBXBuildFile; fileRef = 276D2BA02B1F0E8E00306530 /* GrandEscapeCut.mp3 */; };
		276D2BA42B1F0E8E00306530 /* KanataCut.mp3 in Resources */ = {isa = PBXBuildFile; fileRef = 276D2BA12B1F0E8E00306530 /* KanataCut.mp3 */; };
		276D2BA52B1F0E8E00306530 /* ZenzenzenseCut.mp3 in Resources */ = {isa = PBXBuildFile; fileRef = 276D2BA22B1F0E8E00306530 /* ZenzenzenseCut.mp3 */; };
/* End PBXBuildFile section */

/* Begin PBXFileReference section */
		276D2B892B1DA89E00306530 /* ShinkaiMovie.app */ = {isa = PBXFileReference; explicitFileType = wrapper.application; includeInIndex = 0; path = ShinkaiMovie.app; sourceTree = BUILT_PRODUCTS_DIR; };
		276D2B8C2B1DA89E00306530 /* AppDelegate.swift */ = {isa = PBXFileReference; lastKnownFileType = sourcecode.swift; path = AppDelegate.swift; sourceTree = "<group>"; };
		276D2B8E2B1DA89E00306530 /* SceneDelegate.swift */ = {isa = PBXFileReference; lastKnownFileType = sourcecode.swift; path = SceneDelegate.swift; sourceTree = "<group>"; };
		276D2B902B1DA89E00306530 /* ViewController.swift */ = {isa = PBXFileReference; lastKnownFileType = sourcecode.swift; path = ViewController.swift; sourceTree = "<group>"; };
		276D2B932B1DA89E00306530 /* Base */ = {isa = PBXFileReference; lastKnownFileType = file.storyboard; name = Base; path = Base.lproj/Main.storyboard; sourceTree = "<group>"; };
		276D2B952B1DA89F00306530 /* Assets.xcassets */ = {isa = PBXFileReference; lastKnownFileType = folder.assetcatalog; path = Assets.xcassets; sourceTree = "<group>"; };
		276D2B982B1DA89F00306530 /* Base */ = {isa = PBXFileReference; lastKnownFileType = file.storyboard; name = Base; path = Base.lproj/LaunchScreen.storyboard; sourceTree = "<group>"; };
		276D2B9A2B1DA89F00306530 /* Info.plist */ = {isa = PBXFileReference; lastKnownFileType = text.plist.xml; path = Info.plist; sourceTree = "<group>"; };
		276D2BA02B1F0E8E00306530 /* GrandEscapeCut.mp3 */ = {isa = PBXFileReference; lastKnownFileType = audio.mp3; path = GrandEscapeCut.mp3; sourceTree = "<group>"; };
		276D2BA12B1F0E8E00306530 /* KanataCut.mp3 */ = {isa = PBXFileReference; lastKnownFileType = audio.mp3; path = KanataCut.mp3; sourceTree = "<group>"; };
		276D2BA22B1F0E8E00306530 /* ZenzenzenseCut.mp3 */ = {isa = PBXFileReference; lastKnownFileType = audio.mp3; path = ZenzenzenseCut.mp3; sourceTree = "<group>"; };
/* End PBXFileReference section */

/* Begin PBXFrameworksBuildPhase section */
		276D2B862B1DA89E00306530 /* Frameworks */ = {
			isa = PBXFrameworksBuildPhase;
			buildActionMask = 2147483647;
			files = (
			);
			runOnlyForDeploymentPostprocessing = 0;
		};
/* End PBXFrameworksBuildPhase section */

/* Begin PBXGroup section */
		276D2B802B1DA89E00306530 = {
			isa = PBXGroup;
			children = (
				276D2B8B2B1DA89E00306530 /* ShinkaiMovie */,
				276D2B8A2B1DA89E00306530 /* Products */,
			);
			sourceTree = "<group>";
		};
		276D2B8A2B1DA89E00306530 /* Products */ = {
			isa = PBXGroup;
			children = (
				276D2B892B1DA89E00306530 /* ShinkaiMovie.app */,
			);
			name = Products;
			sourceTree = "<group>";
		};
		276D2B8B2B1DA89E00306530 /* ShinkaiMovie */ = {
			isa = PBXGroup;
			children = (
				276D2B8C2B1DA89E00306530 /* AppDelegate.swift */,
				276D2B8E2B1DA89E00306530 /* SceneDelegate.swift */,
				276D2B902B1DA89E00306530 /* ViewController.swift */,
				276D2B922B1DA89E00306530 /* Main.storyboard */,
				276D2B952B1DA89F00306530 /* Assets.xcassets */,
				276D2B972B1DA89F00306530 /* LaunchScreen.storyboard */,
				276D2B9A2B1DA89F00306530 /* Info.plist */,
				276D2BA02B1F0E8E00306530 /* GrandEscapeCut.mp3 */,
				276D2BA12B1F0E8E00306530 /* KanataCut.mp3 */,
				276D2BA22B1F0E8E00306530 /* ZenzenzenseCut.mp3 */,
			);
			path = ShinkaiMovie;
			sourceTree = "<group>";
		};
/* End PBXGroup section */

/* Begin PBXNativeTarget section */
		276D2B882B1DA89E00306530 /* ShinkaiMovie */ = {
			isa = PBXNativeTarget;
			buildConfigurationList = 276D2B9D2B1DA89F00306530 /* Build configuration list for PBXNativeTarget "ShinkaiMovie" */;
			buildPhases = (
				276D2B852B1DA89E00306530 /* Sources */,
				276D2B862B1DA89E00306530 /* Frameworks */,
				276D2B872B1DA89E00306530 /* Resources */,
			);
			buildRules = (
			);
			dependencies = (
			);
			name = ShinkaiMovie;
			productName = ShinkaiMovie;
			productReference = 276D2B892B1DA89E00306530 /* ShinkaiMovie.app */;
			productType = "com.apple.product-type.application";
		};
/* End PBXNativeTarget section */

/* Begin PBXProject section */
		276D2B812B1DA89E00306530 /* Project object */ = {
			isa = PBXProject;
			attributes = {
				BuildIndependentTargetsInParallel = 1;
				LastSwiftUpdateCheck = 1500;
				LastUpgradeCheck = 1500;
				TargetAttributes = {
					276D2B882B1DA89E00306530 = {
						CreatedOnToolsVersion = 15.0.1;
					};
				};
			};
			buildConfigurationList = 276D2B842B1DA89E00306530 /* Build configuration list for PBXProject "ShinkaiMovie" */;
			compatibilityVersion = "Xcode 14.0";
			developmentRegion = en;
			hasScannedForEncodings = 0;
			knownRegions = (
				en,
				Base,
			);
			mainGroup = 276D2B802B1DA89E00306530;
			productRefGroup = 276D2B8A2B1DA89E00306530 /* Products */;
			projectDirPath = "";
			projectRoot = "";
			targets = (
				276D2B882B1DA89E00306530 /* ShinkaiMovie */,
			);
		};
/* End PBXProject section */

/* Begin PBXResourcesBuildPhase section */
		276D2B872B1DA89E00306530 /* Resources */ = {
			isa = PBXResourcesBuildPhase;
			buildActionMask = 2147483647;
			files = (
				276D2B992B1DA89F00306530 /* LaunchScreen.storyboard in Resources */,
				276D2BA32B1F0E8E00306530 /* GrandEscapeCut.mp3 in Resources */,
				276D2BA42B1F0E8E00306530 /* KanataCut.mp3 in Resources */,
				276D2BA52B1F0E8E00306530 /* ZenzenzenseCut.mp3 in Resources */,
				276D2B962B1DA89F00306530 /* Assets.xcassets in Resources */,
				276D2B942B1DA89E00306530 /* Main.storyboard in Resources */,
			);
			runOnlyForDeploymentPostprocessing = 0;
		};
/* End PBXResourcesBuildPhase section */

/* Begin PBXSourcesBuildPhase section */
		276D2B852B1DA89E00306530 /* Sources */ = {
			isa = PBXSourcesBuildPhase;
			buildActionMask = 2147483647;
			files = (
				276D2B912B1DA89E00306530 /* ViewController.swift in Sources */,
				276D2B8D2B1DA89E00306530 /* AppDelegate.swift in Sources */,
				276D2B8F2B1DA89E00306530 /* SceneDelegate.swift in Sources */,
			);
			runOnlyForDeploymentPostprocessing = 0;
		};
/* End PBXSourcesBuildPhase section */

/* Begin PBXVariantGroup section */
		276D2B922B1DA89E00306530 /* Main.storyboard */ = {
			isa = PBXVariantGroup;
			children = (
				276D2B932B1DA89E00306530 /* Base */,
			);
			name = Main.storyboard;
			sourceTree = "<group>";
		};
		276D2B972B1DA89F00306530 /* LaunchScreen.storyboard */ = {
			isa = PBXVariantGroup;
			children = (
				276D2B982B1DA89F00306530 /* Base */,
			);
			name = LaunchScreen.storyboard;
			sourceTree = "<group>";
		};
/* End PBXVariantGroup section */

/* Begin XCBuildConfiguration section */
		276D2B9B2B1DA89F00306530 /* Debug */ = {
			isa = XCBuildConfiguration;
			buildSettings = {
				ALWAYS_SEARCH_USER_PATHS = NO;
				ASSETCATALOG_COMPILER_GENERATE_SWIFT_ASSET_SYMBOL_EXTENSIONS = YES;
				CLANG_ANALYZER_NONNULL = YES;
				CLANG_ANALYZER_NUMBER_OBJECT_CONVERSION = YES_AGGRESSIVE;
				CLANG_CXX_LANGUAGE_STANDARD = "gnu++20";
				CLANG_ENABLE_MODULES = YES;
				CLANG_ENABLE_OBJC_ARC = YES;
				CLANG_ENABLE_OBJC_WEAK = YES;
				CLANG_WARN_BLOCK_CAPTURE_AUTORELEASING = YES;
				CLANG_WARN_BOOL_CONVERSION = YES;
				CLANG_WARN_COMMA = YES;
				CLANG_WARN_CONSTANT_CONVERSION = YES;
				CLANG_WARN_DEPRECATED_OBJC_IMPLEMENTATIONS = YES;
				CLANG_WARN_DIRECT_OBJC_ISA_USAGE = YES_ERROR;
				CLANG_WARN_DOCUMENTATION_COMMENTS = YES;
				CLANG_WARN_EMPTY_BODY = YES;
				CLANG_WARN_ENUM_CONVERSION = YES;
				CLANG_WARN_INFINITE_RECURSION = YES;
				CLANG_WARN_INT_CONVERSION = YES;
				CLANG_WARN_NON_LITERAL_NULL_CONVERSION = YES;
				CLANG_WARN_OBJC_IMPLICIT_RETAIN_SELF = YES;
				CLANG_WARN_OBJC_LITERAL_CONVERSION = YES;
				CLANG_WARN_OBJC_ROOT_CLASS = YES_ERROR;
				CLANG_WARN_QUOTED_INCLUDE_IN_FRAMEWORK_HEADER = YES;
				CLANG_WARN_RANGE_LOOP_ANALYSIS = YES;
				CLANG_WARN_STRICT_PROTOTYPES = YES;
				CLANG_WARN_SUSPICIOUS_MOVE = YES;
				CLANG_WARN_UNGUARDED_AVAILABILITY = YES_AGGRESSIVE;
				CLANG_WARN_UNREACHABLE_CODE = YES;
				CLANG_WARN__DUPLICATE_METHOD_MATCH = YES;
				COPY_PHASE_STRIP = NO;
				DEBUG_INFORMATION_FORMAT = dwarf;
				ENABLE_STRICT_OBJC_MSGSEND = YES;
				ENABLE_TESTABILITY = YES;
				ENABLE_USER_SCRIPT_SANDBOXING = YES;
				GCC_C_LANGUAGE_STANDARD = gnu17;
				GCC_DYNAMIC_NO_PIC = NO;
				GCC_NO_COMMON_BLOCKS = YES;
				GCC_OPTIMIZATION_LEVEL = 0;
				GCC_PREPROCESSOR_DEFINITIONS = (
					"DEBUG=1",
					"$(inherited)",
				);
				GCC_WARN_64_TO_32_BIT_CONVERSION = YES;
				GCC_WARN_ABOUT_RETURN_TYPE = YES_ERROR;
				GCC_WARN_UNDECLARED_SELECTOR = YES;
				GCC_WARN_UNINITIALIZED_AUTOS = YES_AGGRESSIVE;
				GCC_WARN_UNUSED_FUNCTION = YES;
				GCC_WARN_UNUSED_VARIABLE = YES;
				IPHONEOS_DEPLOYMENT_TARGET = 17.0;
				LOCALIZATION_PREFERS_STRING_CATALOGS = YES;
				MTL_ENABLE_DEBUG_INFO = INCLUDE_SOURCE;
				MTL_FAST_MATH = YES;
				ONLY_ACTIVE_ARCH = YES;
				SDKROOT = iphoneos;
				SWIFT_ACTIVE_COMPILATION_CONDITIONS = "DEBUG $(inherited)";
				SWIFT_OPTIMIZATION_LEVEL = "-Onone";
			};
			name = Debug;
		};
		276D2B9C2B1DA89F00306530 /* Release */ = {
			isa = XCBuildConfiguration;
			buildSettings = {
				ALWAYS_SEARCH_USER_PATHS = NO;
				ASSETCATALOG_COMPILER_GENERATE_SWIFT_ASSET_SYMBOL_EXTENSIONS = YES;
				CLANG_ANALYZER_NONNULL = YES;
				CLANG_ANALYZER_NUMBER_OBJECT_CONVERSION = YES_AGGRESSIVE;
				CLANG_CXX_LANGUAGE_STANDARD = "gnu++20";
				CLANG_ENABLE_MODULES = YES;
				CLANG_ENABLE_OBJC_ARC = YES;
				CLANG_ENABLE_OBJC_WEAK = YES;
				CLANG_WARN_BLOCK_CAPTURE_AUTORELEASING = YES;
				CLANG_WARN_BOOL_CONVERSION = YES;
				CLANG_WARN_COMMA = YES;
				CLANG_WARN_CONSTANT_CONVERSION = YES;
				CLANG_WARN_DEPRECATED_OBJC_IMPLEMENTATIONS = YES;
				CLANG_WARN_DIRECT_OBJC_ISA_USAGE = YES_ERROR;
				CLANG_WARN_DOCUMENTATION_COMMENTS = YES;
				CLANG_WARN_EMPTY_BODY = YES;
				CLANG_WARN_ENUM_CONVERSION = YES;
				CLANG_WARN_INFINITE_RECURSION = YES;
				CLANG_WARN_INT_CONVERSION = YES;
				CLANG_WARN_NON_LITERAL_NULL_CONVERSION = YES;
				CLANG_WARN_OBJC_IMPLICIT_RETAIN_SELF = YES;
				CLANG_WARN_OBJC_LITERAL_CONVERSION = YES;
				CLANG_WARN_OBJC_ROOT_CLASS = YES_ERROR;
				CLANG_WARN_QUOTED_INCLUDE_IN_FRAMEWORK_HEADER = YES;
				CLANG_WARN_RANGE_LOOP_ANALYSIS = YES;
				CLANG_WARN_STRICT_PROTOTYPES = YES;
				CLANG_WARN_SUSPICIOUS_MOVE = YES;
				CLANG_WARN_UNGUARDED_AVAILABILITY = YES_AGGRESSIVE;
				CLANG_WARN_UNREACHABLE_CODE = YES;
				CLANG_WARN__DUPLICATE_METHOD_MATCH = YES;
				COPY_PHASE_STRIP = NO;
				DEBUG_INFORMATION_FORMAT = "dwarf-with-dsym";
				ENABLE_NS_ASSERTIONS = NO;
				ENABLE_STRICT_OBJC_MSGSEND = YES;
				ENABLE_USER_SCRIPT_SANDBOXING = YES;
				GCC_C_LANGUAGE_STANDARD = gnu17;
				GCC_NO_COMMON_BLOCKS = YES;
				GCC_WARN_64_TO_32_BIT_CONVERSION = YES;
				GCC_WARN_ABOUT_RETURN_TYPE = YES_ERROR;
				GCC_WARN_UNDECLARED_SELECTOR = YES;
				GCC_WARN_UNINITIALIZED_AUTOS = YES_AGGRESSIVE;
				GCC_WARN_UNUSED_FUNCTION = YES;
				GCC_WARN_UNUSED_VARIABLE = YES;
				IPHONEOS_DEPLOYMENT_TARGET = 17.0;
				LOCALIZATION_PREFERS_STRING_CATALOGS = YES;
				MTL_ENABLE_DEBUG_INFO = NO;
				MTL_FAST_MATH = YES;
				SDKROOT = iphoneos;
				SWIFT_COMPILATION_MODE = wholemodule;
				VALIDATE_PRODUCT = YES;
			};
			name = Release;
		};
		276D2B9E2B1DA89F00306530 /* Debug */ = {
			isa = XCBuildConfiguration;
			buildSettings = {
				ASSETCATALOG_COMPILER_APPICON_NAME = AppIcon;
				ASSETCATALOG_COMPILER_GLOBAL_ACCENT_COLOR_NAME = AccentColor;
				CODE_SIGN_STYLE = Automatic;
				CURRENT_PROJECT_VERSION = 1;
				DEVELOPMENT_TEAM = K4Y56753AN;
				GENERATE_INFOPLIST_FILE = YES;
				INFOPLIST_FILE = ShinkaiMovie/Info.plist;
				INFOPLIST_KEY_UIApplicationSupportsIndirectInputEvents = YES;
				INFOPLIST_KEY_UILaunchStoryboardName = LaunchScreen;
				INFOPLIST_KEY_UIMainStoryboardFile = Main;
				INFOPLIST_KEY_UISupportedInterfaceOrientations_iPad = "UIInterfaceOrientationPortrait UIInterfaceOrientationPortraitUpsideDown UIInterfaceOrientationLandscapeLeft UIInterfaceOrientationLandscapeRight";
				INFOPLIST_KEY_UISupportedInterfaceOrientations_iPhone = "UIInterfaceOrientationPortrait UIInterfaceOrientationLandscapeLeft UIInterfaceOrientationLandscapeRight";
				IPHONEOS_DEPLOYMENT_TARGET = 15.0;
				LD_RUNPATH_SEARCH_PATHS = (
					"$(inherited)",
					"@executable_path/Frameworks",
				);
				MARKETING_VERSION = 1.0;
				PRODUCT_BUNDLE_IDENTIFIER = com.Kylelu.ShinkaiMovie;
				PRODUCT_NAME = "$(TARGET_NAME)";
				SWIFT_EMIT_LOC_STRINGS = YES;
				SWIFT_VERSION = 5.0;
				TARGETED_DEVICE_FAMILY = "1,2";
			};
			name = Debug;
		};
		276D2B9F2B1DA89F00306530 /* Release */ = {
			isa = XCBuildConfiguration;
			buildSettings = {
				ASSETCATALOG_COMPILER_APPICON_NAME = AppIcon;
				ASSETCATALOG_COMPILER_GLOBAL_ACCENT_COLOR_NAME = AccentColor;
				CODE_SIGN_STYLE = Automatic;
				CURRENT_PROJECT_VERSION = 1;
				DEVELOPMENT_TEAM = K4Y56753AN;
				GENERATE_INFOPLIST_FILE = YES;
				INFOPLIST_FILE = ShinkaiMovie/Info.plist;
				INFOPLIST_KEY_UIApplicationSupportsIndirectInputEvents = YES;
				INFOPLIST_KEY_UILaunchStoryboardName = LaunchScreen;
				INFOPLIST_KEY_UIMainStoryboardFile = Main;
				INFOPLIST_KEY_UISupportedInterfaceOrientations_iPad = "UIInterfaceOrientationPortrait UIInterfaceOrientationPortraitUpsideDown UIInterfaceOrientationLandscapeLeft UIInterfaceOrientationLandscapeRight";
				INFOPLIST_KEY_UISupportedInterfaceOrientations_iPhone = "UIInterfaceOrientationPortrait UIInterfaceOrientationLandscapeLeft UIInterfaceOrientationLandscapeRight";
				IPHONEOS_DEPLOYMENT_TARGET = 15.0;
				LD_RUNPATH_SEARCH_PATHS = (
					"$(inherited)",
					"@executable_path/Frameworks",
				);
				MARKETING_VERSION = 1.0;
				PRODUCT_BUNDLE_IDENTIFIER = com.Kylelu.ShinkaiMovie;
				PRODUCT_NAME = "$(TARGET_NAME)";
				SWIFT_EMIT_LOC_STRINGS = YES;
				SWIFT_VERSION = 5.0;
				TARGETED_DEVICE_FAMILY = "1,2";
			};
			name = Release;
		};
/* End XCBuildConfiguration section */

/* Begin XCConfigurationList section */
		276D2B842B1DA89E00306530 /* Build configuration list for PBXProject "ShinkaiMovie" */ = {
			isa = XCConfigurationList;
			buildConfigurations = (
				276D2B9B2B1DA89F00306530 /* Debug */,
				276D2B9C2B1DA89F00306530 /* Release */,
			);
			defaultConfigurationIsVisible = 0;
			defaultConfigurationName = Release;
		};
		276D2B9D2B1DA89F00306530 /* Build configuration list for PBXNativeTarget "ShinkaiMovie" */ = {
			isa = XCConfigurationList;
			buildConfigurations = (
				276D2B9E2B1DA89F00306530 /* Debug */,
				276D2B9F2B1DA89F00306530 /* Release */,
			);
			defaultConfigurationIsVisible = 0;
			defaultConfigurationName = Release;
		};
/* End XCConfigurationList section */
	};
	rootObject = 276D2B812B1DA89E00306530 /* Project object */;
}
